timezone: +3

is_activity_allowed_url: http://pkradius.ru:12345/check-allowed/activity
# is_activity_allowed_url: null

allowed_activity_periods:
  - 04:00 12:00

danger_periods:
  - 03:00 23:00

critical_periods:
  - 23:00 03:00

dinner_periods:
  - 10:00 10:01
  - 12:00 12:01
  - 14:00 14:01
  - 16:00 16:01
  - 18:00 18:01
  - 20:00 20:01

allow_all_periods: null

env:
  user: qwe
  admin: admin
  unlock_activities_flag: C:\smartlock.flags\unlock_activities

  disallow_hosts: |
    themonsterunderthebed.net
    instagram.com
    www.instagram.com
    twitter.com
    www.twitter.com
    www.binance.com
    binance.com
    coub.com
    pikabu.ru
    joyreactor.cc reactor.cc joyreactor.com safereactor.cc www.safereactor.cc
    acomics.ru www.acomics.ru totempole666.com www.girlgeniusonline.com girlgeniusonline.com
    video.ya.ru video.yandex.ru ya.ru yandex.ru
    vk.com www.vk.com vkontakte.ru vk.ru m.vk.com
    2ch.hk
    googlevideo.com youtu.be youtube-nocookie.com youtube.googleapis.com youtubei.googleapis.com ytimg.com ytimg.l.google.com www.youtube.com youtube.com wide-youtube.l.google.com wide-youtube.l.google.com
    youtube.ru www.youtube.ru
    youtu.be
    youtube.com
    youtube.com www.youtube.com
    uk.youtube.com
    de.youtube.com
    tr.youtube.com
    jp.youtube.com
    au.youtube.com
    ca.youtube.com
    fr.youtube.com
    ru.youtube.com
    help.youtube.com
    m.youtube.com
    img.youtube.com
    gdata.youtube.com
    sjc-v1.sjc.youtube.com
    sjc-v2.sjc.youtube.com
    sjc-v3.sjc.youtube.com
    sjc-v4.sjc.youtube.com
    sjc-v5.sjc.youtube.com
    sjc-v6.sjc.youtube.com
    sjc-v7.sjc.youtube.com
    sjc-v8.sjc.youtube.com
    sjc-v9.sjc.youtube.com
    sjc-v10.sjc.youtube.com
    sjc-v11.sjc.youtube.com
    sjc-v12.sjc.youtube.com
    sjc-v13.sjc.youtube.com
    sjc-v14.sjc.youtube.com
    sjc-v15.sjc.youtube.com
    sjc-v16.sjc.youtube.com
    sjc-v17.sjc.youtube.com
    sjc-v18.sjc.youtube.com
    sjc-v19.sjc.youtube.com
    sjc-v20.sjc.youtube.com
    sjc-v21.sjc.youtube.com
    sjc-v22.sjc.youtube.com
    sjc-v23.sjc.youtube.com
    sjc-v24.sjc.youtube.com
    sjc-v25.sjc.youtube.com
    wide-youtube.l.google.com

  path_wl: |
    C:\Program Files (x86)\Cura_14.07\python\pythonw.exe
    C:\Program Files\Ultimaker Cura 4.8.0\CuraEngine.exe
    C:\Program Files\Ultimaker Cura 4.8.0\Cura.exe
    C:\Program Files\Python37\python.exe
    C:\Program Files (x86)\SumatraPDF\SumatraPDF.exe
    C:\Windows\System32\conhost.exe
    C:\Windows\System32\WindowsPowerShell\v1.0\powershell.exe
    C:\Windows\explorer.exe
    C:\Windows\System32\dwm.exe
    C:\procexp\procexp\PROCEXP64.exe
    C:\procexp\procexp\procexp.exe
    C:\Program Files\Google\Chrome\Application\chrome.exe
    C:\Program Files (x86)\Google\Chrome\Application\chrome.exe
    C:\Windows\System32\taskhost.exe
    C:\Windows\System32\hkcmd.exe
    C:\Program Files (x86)\Notepad++\notepad++.exe
    C:\Program Files (x86)\DAEMON Tools Lite\DTLite.exe
    C:\Windows\System32\igfxpers.exe
    C:\Program Files\Android\Android Studio\bin\fsnotifier64.exe
    C:\Windows\System32\cmd.exe
    C:\Program Files\Android\Android Studio\jre\bin\java.exe

  name_bl: |
    tankrace.exe

  cname_bl: |
    Telegram FZ-LLC
    Telegram Desktop

  hash_bl: |
    # tankracer
    9d20037ac9554bf1b5546310379367aa

  disallow_path: ""

  kill_on_activity_reblock:
    chrome.exe

shell: cmd.exe
shell_encoding: cp866
commands:
  BLOCK_ACTIVITIES: |
    python windows\block_activities.py

  UNBLOCK_ACTIVITIES: |
    cd %SMARTLOCK_PATH%
    python smartlock-hostctl.py unblock-marked "C:\Windows\System32\drivers\etc\hosts"
    echo > %unlock_activities_flag%

  BLOCK_USER: |
    net user %user% %random%
    schtasks /Run /TN "gotosleep-lock-screen"

  UNBLOCK_USER: |
    echo Unlocking %user%
    net user %user% ""

  BLOCK_ADMIN: |
    net user %admin% %random%
    schtasks /Run /TN "smartlock-lock-admin-screen"

  UNBLOCK_ADMIN: |
    echo Unlocking %admin%
    net user %admin% ""

  LOCK_USER_SCREEN: |
    schtasks /Run /TN "gotosleep-lock-screen"

  UNLOCK_USER_SCREEN: |
    echo